// !$*UTF8*$!
{
	archiveVersion = 1;
	classes = {
	};
	objectVersion = 46;
	objects = {

/* Begin PBXBuildFile section */
		2D02635813539B9E00F5CCAA /* UIKit.framework in Frameworks */ = {isa = PBXBuildFile; fileRef = 2D02635713539B9E00F5CCAA /* UIKit.framework */; };
		2D02635A13539B9E00F5CCAA /* Foundation.framework in Frameworks */ = {isa = PBXBuildFile; fileRef = 2D02635913539B9E00F5CCAA /* Foundation.framework */; };
		2D02635C13539B9E00F5CCAA /* CoreGraphics.framework in Frameworks */ = {isa = PBXBuildFile; fileRef = 2D02635B13539B9E00F5CCAA /* CoreGraphics.framework */; };
		2D02636213539B9E00F5CCAA /* InfoPlist.strings in Resources */ = {isa = PBXBuildFile; fileRef = 2D02636013539B9E00F5CCAA /* InfoPlist.strings */; };
		2D02636513539B9E00F5CCAA /* main.m in Sources */ = {isa = PBXBuildFile; fileRef = 2D02636413539B9E00F5CCAA /* main.m */; };
		2D02636813539B9E00F5CCAA /* LiveHubRemoteAppDelegate.m in Sources */ = {isa = PBXBuildFile; fileRef = 2D02636713539B9E00F5CCAA /* LiveHubRemoteAppDelegate.m */; };
		2D02636B13539B9E00F5CCAA /* MainWindow.xib in Resources */ = {isa = PBXBuildFile; fileRef = 2D02636913539B9E00F5CCAA /* MainWindow.xib */; };
		2D02636E13539B9E00F5CCAA /* LiveHubRemoteViewController.m in Sources */ = {isa = PBXBuildFile; fileRef = 2D02636D13539B9E00F5CCAA /* LiveHubRemoteViewController.m */; };
		2D02637113539B9E00F5CCAA /* LiveHubRemoteViewController.xib in Resources */ = {isa = PBXBuildFile; fileRef = 2D02636F13539B9E00F5CCAA /* LiveHubRemoteViewController.xib */; };
		2D3AADE31354C14F00763E35 /* indent-bg.png in Resources */ = {isa = PBXBuildFile; fileRef = 2D3AADDE1354C14F00763E35 /* indent-bg.png */; };
		2D3AADE71354D83000763E35 /* control-bar.png in Resources */ = {isa = PBXBuildFile; fileRef = 2D3AADE61354D83000763E35 /* control-bar.png */; };
		2D3AADEB1354EA2900763E35 /* ff.png in Resources */ = {isa = PBXBuildFile; fileRef = 2D3AADE81354EA2900763E35 /* ff.png */; };
		2D3AADEC1354EA2900763E35 /* play.png in Resources */ = {isa = PBXBuildFile; fileRef = 2D3AADE91354EA2900763E35 /* play.png */; };
		2D3AADED1354EA2900763E35 /* rewind.png in Resources */ = {isa = PBXBuildFile; fileRef = 2D3AADEA1354EA2900763E35 /* rewind.png */; };
		2D3AADEF1354F09E00763E35 /* play-h.png in Resources */ = {isa = PBXBuildFile; fileRef = 2D3AADEE1354F09E00763E35 /* play-h.png */; };
		2D3AADF41354F5EF00763E35 /* ff-h.png in Resources */ = {isa = PBXBuildFile; fileRef = 2D3AADF21354F5EF00763E35 /* ff-h.png */; };
		2D3AADF51354F5EF00763E35 /* rewind-h.png in Resources */ = {isa = PBXBuildFile; fileRef = 2D3AADF31354F5EF00763E35 /* rewind-h.png */; };
		2D7BDA1B1355148200FF690E /* control-bar.psd in Resources */ = {isa = PBXBuildFile; fileRef = 2D7BDA181355148200FF690E /* control-bar.psd */; };
		2D7BDA1C1355148200FF690E /* ff.psd in Resources */ = {isa = PBXBuildFile; fileRef = 2D7BDA191355148200FF690E /* ff.psd */; };
		2D7BDA1D1355148200FF690E /* play.psd in Resources */ = {isa = PBXBuildFile; fileRef = 2D7BDA1A1355148200FF690E /* play.psd */; };
		2D7BDA1F135516C600FF690E /* Commands.plist in Resources */ = {isa = PBXBuildFile; fileRef = 2D7BDA1E135516C500FF690E /* Commands.plist */; };
		2D7BDA231355198400FF690E /* NetworkController.m in Sources */ = {isa = PBXBuildFile; fileRef = 2D7BDA221355198400FF690E /* NetworkController.m */; };
		2D7BDA271355492B00FF690E /* AVFoundation.framework in Frameworks */ = {isa = PBXBuildFile; fileRef = 2D7BDA261355492B00FF690E /* AVFoundation.framework */; };
		2D995D831358DB75002448A8 /* Readme.md in Resources */ = {isa = PBXBuildFile; fileRef = 2D995D821358DB75002448A8 /* Readme.md */; };
		2D995D851358DB97002448A8 /* Settings.bundle in Resources */ = {isa = PBXBuildFile; fileRef = 2D995D841358DB97002448A8 /* Settings.bundle */; };
		2DCC0BC7135574970040A828 /* silence.wav in Resources */ = {isa = PBXBuildFile; fileRef = 2DCC0BC6135574970040A828 /* silence.wav */; };
		2DCC0BCD135582D00040A828 /* icon.psd in Resources */ = {isa = PBXBuildFile; fileRef = 2DCC0BCC135582D00040A828 /* icon.psd */; };
		2DCC0BCF135582DB0040A828 /* icon.png in Resources */ = {isa = PBXBuildFile; fileRef = 2DCC0BCE135582DB0040A828 /* icon.png */; };
/* End PBXBuildFile section */

/* Begin PBXFileReference section */
		2D02635313539B9E00F5CCAA /* LiveHubRemote.app */ = {isa = PBXFileReference; explicitFileType = wrapper.application; includeInIndex = 0; path = LiveHubRemote.app; sourceTree = BUILT_PRODUCTS_DIR; };
		2D02635713539B9E00F5CCAA /* UIKit.framework */ = {isa = PBXFileReference; lastKnownFileType = wrapper.framework; name = UIKit.framework; path = System/Library/Frameworks/UIKit.framework; sourceTree = SDKROOT; };
		2D02635913539B9E00F5CCAA /* Foundation.framework */ = {isa = PBXFileReference; lastKnownFileType = wrapper.framework; name = Foundation.framework; path = System/Library/Frameworks/Foundation.framework; sourceTree = SDKROOT; };
		2D02635B13539B9E00F5CCAA /* CoreGraphics.framework */ = {isa = PBXFileReference; lastKnownFileType = wrapper.framework; name = CoreGraphics.framework; path = System/Library/Frameworks/CoreGraphics.framework; sourceTree = SDKROOT; };
		2D02635F13539B9E00F5CCAA /* LiveHubRemote-Info.plist */ = {isa = PBXFileReference; lastKnownFileType = text.plist.xml; path = "LiveHubRemote-Info.plist"; sourceTree = "<group>"; };
		2D02636113539B9E00F5CCAA /* en */ = {isa = PBXFileReference; lastKnownFileType = text.plist.strings; name = en; path = en.lproj/InfoPlist.strings; sourceTree = "<group>"; };
		2D02636313539B9E00F5CCAA /* LiveHubRemote-Prefix.pch */ = {isa = PBXFileReference; lastKnownFileType = sourcecode.c.h; path = "LiveHubRemote-Prefix.pch"; sourceTree = "<group>"; };
		2D02636413539B9E00F5CCAA /* main.m */ = {isa = PBXFileReference; lastKnownFileType = sourcecode.c.objc; path = main.m; sourceTree = "<group>"; };
		2D02636613539B9E00F5CCAA /* LiveHubRemoteAppDelegate.h */ = {isa = PBXFileReference; lastKnownFileType = sourcecode.c.h; path = LiveHubRemoteAppDelegate.h; sourceTree = "<group>"; };
		2D02636713539B9E00F5CCAA /* LiveHubRemoteAppDelegate.m */ = {isa = PBXFileReference; lastKnownFileType = sourcecode.c.objc; path = LiveHubRemoteAppDelegate.m; sourceTree = "<group>"; };
		2D02636A13539B9E00F5CCAA /* en */ = {isa = PBXFileReference; lastKnownFileType = file.xib; name = en; path = en.lproj/MainWindow.xib; sourceTree = "<group>"; };
		2D02636C13539B9E00F5CCAA /* LiveHubRemoteViewController.h */ = {isa = PBXFileReference; lastKnownFileType = sourcecode.c.h; path = LiveHubRemoteViewController.h; sourceTree = "<group>"; };
		2D02636D13539B9E00F5CCAA /* LiveHubRemoteViewController.m */ = {isa = PBXFileReference; lastKnownFileType = sourcecode.c.objc; path = LiveHubRemoteViewController.m; sourceTree = "<group>"; };
		2D02637013539B9E00F5CCAA /* en */ = {isa = PBXFileReference; lastKnownFileType = file.xib; name = en; path = en.lproj/LiveHubRemoteViewController.xib; sourceTree = "<group>"; };
		2D3AADDE1354C14F00763E35 /* indent-bg.png */ = {isa = PBXFileReference; lastKnownFileType = image.png; path = "indent-bg.png"; sourceTree = "<group>"; };
		2D3AADE61354D83000763E35 /* control-bar.png */ = {isa = PBXFileReference; lastKnownFileType = image.png; path = "control-bar.png"; sourceTree = "<group>"; };
		2D3AADE81354EA2900763E35 /* ff.png */ = {isa = PBXFileReference; lastKnownFileType = image.png; path = ff.png; sourceTree = "<group>"; };
		2D3AADE91354EA2900763E35 /* play.png */ = {isa = PBXFileReference; lastKnownFileType = image.png; path = play.png; sourceTree = "<group>"; };
		2D3AADEA1354EA2900763E35 /* rewind.png */ = {isa = PBXFileReference; lastKnownFileType = image.png; path = rewind.png; sourceTree = "<group>"; };
		2D3AADEE1354F09E00763E35 /* play-h.png */ = {isa = PBXFileReference; lastKnownFileType = image.png; path = "play-h.png"; sourceTree = "<group>"; };
		2D3AADF21354F5EF00763E35 /* ff-h.png */ = {isa = PBXFileReference; lastKnownFileType = image.png; path = "ff-h.png"; sourceTree = "<group>"; };
		2D3AADF31354F5EF00763E35 /* rewind-h.png */ = {isa = PBXFileReference; lastKnownFileType = image.png; path = "rewind-h.png"; sourceTree = "<group>"; };
		2D7BDA181355148200FF690E /* control-bar.psd */ = {isa = PBXFileReference; lastKnownFileType = file; path = "control-bar.psd"; sourceTree = "<group>"; };
		2D7BDA191355148200FF690E /* ff.psd */ = {isa = PBXFileReference; lastKnownFileType = file; path = ff.psd; sourceTree = "<group>"; };
		2D7BDA1A1355148200FF690E /* play.psd */ = {isa = PBXFileReference; lastKnownFileType = file; path = play.psd; sourceTree = "<group>"; };
		2D7BDA1E135516C500FF690E /* Commands.plist */ = {isa = PBXFileReference; fileEncoding = 4; lastKnownFileType = text.plist.xml; path = Commands.plist; sourceTree = "<group>"; };
		2D7BDA211355198400FF690E /* NetworkController.h */ = {isa = PBXFileReference; fileEncoding = 4; lastKnownFileType = sourcecode.c.h; path = NetworkController.h; sourceTree = "<group>"; };
		2D7BDA221355198400FF690E /* NetworkController.m */ = {isa = PBXFileReference; fileEncoding = 4; lastKnownFileType = sourcecode.c.objc; path = NetworkController.m; sourceTree = "<group>"; };
		2D7BDA261355492B00FF690E /* AVFoundation.framework */ = {isa = PBXFileReference; lastKnownFileType = wrapper.framework; name = AVFoundation.framework; path = System/Library/Frameworks/AVFoundation.framework; sourceTree = SDKROOT; };
		2D995D821358DB75002448A8 /* Readme.md */ = {isa = PBXFileReference; fileEncoding = 4; lastKnownFileType = text; path = Readme.md; sourceTree = "<group>"; };
		2D995D841358DB97002448A8 /* Settings.bundle */ = {isa = PBXFileReference; lastKnownFileType = "wrapper.plug-in"; path = Settings.bundle; sourceTree = "<group>"; };
		2DCC0BC6135574970040A828 /* silence.wav */ = {isa = PBXFileReference; lastKnownFileType = audio.wav; path = silence.wav; sourceTree = "<group>"; };
		2DCC0BCC135582D00040A828 /* icon.psd */ = {isa = PBXFileReference; lastKnownFileType = file; path = icon.psd; sourceTree = "<group>"; };
		2DCC0BCE135582DB0040A828 /* icon.png */ = {isa = PBXFileReference; lastKnownFileType = image.png; path = icon.png; sourceTree = "<group>"; };
/* End PBXFileReference section */

/* Begin PBXFrameworksBuildPhase section */
		2D02635013539B9E00F5CCAA /* Frameworks */ = {
			isa = PBXFrameworksBuildPhase;
			buildActionMask = 2147483647;
			files = (
				2D7BDA271355492B00FF690E /* AVFoundation.framework in Frameworks */,
				2D02635813539B9E00F5CCAA /* UIKit.framework in Frameworks */,
				2D02635A13539B9E00F5CCAA /* Foundation.framework in Frameworks */,
				2D02635C13539B9E00F5CCAA /* CoreGraphics.framework in Frameworks */,
			);
			runOnlyForDeploymentPostprocessing = 0;
		};
/* End PBXFrameworksBuildPhase section */

/* Begin PBXGroup section */
		2D02634813539B9D00F5CCAA = {
			isa = PBXGroup;
			children = (
				2D995D821358DB75002448A8 /* Readme.md */,
				2D02635D13539B9E00F5CCAA /* LiveHubRemote */,
				2D02635613539B9E00F5CCAA /* Frameworks */,
				2D02635413539B9E00F5CCAA /* Products */,
			);
			sourceTree = "<group>";
		};
		2D02635413539B9E00F5CCAA /* Products */ = {
			isa = PBXGroup;
			children = (
				2D02635313539B9E00F5CCAA /* LiveHubRemote.app */,
			);
			name = Products;
			sourceTree = "<group>";
		};
		2D02635613539B9E00F5CCAA /* Frameworks */ = {
			isa = PBXGroup;
			children = (
				2D7BDA261355492B00FF690E /* AVFoundation.framework */,
				2D02635713539B9E00F5CCAA /* UIKit.framework */,
				2D02635913539B9E00F5CCAA /* Foundation.framework */,
				2D02635B13539B9E00F5CCAA /* CoreGraphics.framework */,
			);
			name = Frameworks;
			sourceTree = "<group>";
		};
		2D02635D13539B9E00F5CCAA /* LiveHubRemote */ = {
			isa = PBXGroup;
			children = (
				2D995D841358DB97002448A8 /* Settings.bundle */,
				2D7BDA201355195600FF690E /* Network */,
				2D02637713539BB700F5CCAA /* UI */,
				2D02636613539B9E00F5CCAA /* LiveHubRemoteAppDelegate.h */,
				2D02636713539B9E00F5CCAA /* LiveHubRemoteAppDelegate.m */,
				2D02636913539B9E00F5CCAA /* MainWindow.xib */,
				2D02635E13539B9E00F5CCAA /* Supporting Files */,
			);
			path = LiveHubRemote;
			sourceTree = "<group>";
		};
		2D02635E13539B9E00F5CCAA /* Supporting Files */ = {
			isa = PBXGroup;
			children = (
				2D7BDA2813554C1100FF690E /* Audio */,
				2D3AADDC1354C14F00763E35 /* Images */,
				2D02635F13539B9E00F5CCAA /* LiveHubRemote-Info.plist */,
				2D02636013539B9E00F5CCAA /* InfoPlist.strings */,
				2D02636313539B9E00F5CCAA /* LiveHubRemote-Prefix.pch */,
				2D02636413539B9E00F5CCAA /* main.m */,
				2D7BDA1E135516C500FF690E /* Commands.plist */,
			);
			name = "Supporting Files";
			sourceTree = "<group>";
		};
		2D02637713539BB700F5CCAA /* UI */ = {
			isa = PBXGroup;
			children = (
				2D02636C13539B9E00F5CCAA /* LiveHubRemoteViewController.h */,
				2D02636D13539B9E00F5CCAA /* LiveHubRemoteViewController.m */,
				2D02636F13539B9E00F5CCAA /* LiveHubRemoteViewController.xib */,
			);
			name = UI;
			sourceTree = "<group>";
		};
		2D3AADDC1354C14F00763E35 /* Images */ = {
			isa = PBXGroup;
			children = (
				2DCC0BCE135582DB0040A828 /* icon.png */,
				2D3AADF61354F63300763E35 /* Toolbar */,
				2D3AADDE1354C14F00763E35 /* indent-bg.png */,
				2D3AADDF1354C14F00763E35 /* PSD */,
			);
			path = Images;
			sourceTree = "<group>";
		};
		2D3AADDF1354C14F00763E35 /* PSD */ = {
			isa = PBXGroup;
			children = (
				2DCC0BCC135582D00040A828 /* icon.psd */,
				2D7BDA181355148200FF690E /* control-bar.psd */,
				2D7BDA191355148200FF690E /* ff.psd */,
				2D7BDA1A1355148200FF690E /* play.psd */,
			);
			path = PSD;
			sourceTree = "<group>";
		};
		2D3AADF61354F63300763E35 /* Toolbar */ = {
			isa = PBXGroup;
			children = (
				2D3AADF21354F5EF00763E35 /* ff-h.png */,
				2D3AADF31354F5EF00763E35 /* rewind-h.png */,
				2D3AADEE1354F09E00763E35 /* play-h.png */,
				2D3AADE81354EA2900763E35 /* ff.png */,
				2D3AADE91354EA2900763E35 /* play.png */,
				2D3AADEA1354EA2900763E35 /* rewind.png */,
				2D3AADE61354D83000763E35 /* control-bar.png */,
			);
			name = Toolbar;
			sourceTree = "<group>";
		};
		2D7BDA201355195600FF690E /* Network */ = {
			isa = PBXGroup;
			children = (
				2D7BDA211355198400FF690E /* NetworkController.h */,
				2D7BDA221355198400FF690E /* NetworkController.m */,
			);
			name = Network;
			sourceTree = "<group>";
		};
		2D7BDA2813554C1100FF690E /* Audio */ = {
			isa = PBXGroup;
			children = (
				2DCC0BC6135574970040A828 /* silence.wav */,
			);
			path = Audio;
			sourceTree = "<group>";
		};
/* End PBXGroup section */

/* Begin PBXNativeTarget section */
		2D02635213539B9E00F5CCAA /* LiveHubRemote */ = {
			isa = PBXNativeTarget;
			buildConfigurationList = 2D02637413539B9E00F5CCAA /* Build configuration list for PBXNativeTarget "LiveHubRemote" */;
			buildPhases = (
				2D02635113539B9E00F5CCAA /* Resources */,
				2D02634F13539B9E00F5CCAA /* Sources */,
				2D02635013539B9E00F5CCAA /* Frameworks */,
			);
			buildRules = (
			);
			dependencies = (
			);
			name = LiveHubRemote;
			productName = LiveHubRemote;
			productReference = 2D02635313539B9E00F5CCAA /* LiveHubRemote.app */;
			productType = "com.apple.product-type.application";
		};
/* End PBXNativeTarget section */

/* Begin PBXProject section */
		2D02634A13539B9D00F5CCAA /* Project object */ = {
			isa = PBXProject;
			attributes = {
				ORGANIZATIONNAME = "Christopher Baltzer";
			};
			buildConfigurationList = 2D02634D13539B9D00F5CCAA /* Build configuration list for PBXProject "LiveHubRemote" */;
			compatibilityVersion = "Xcode 3.2";
			developmentRegion = English;
			hasScannedForEncodings = 0;
			knownRegions = (
				en,
			);
			mainGroup = 2D02634813539B9D00F5CCAA;
			productRefGroup = 2D02635413539B9E00F5CCAA /* Products */;
			projectDirPath = "";
			projectRoot = "";
			targets = (
				2D02635213539B9E00F5CCAA /* LiveHubRemote */,
			);
		};
/* End PBXProject section */

/* Begin PBXResourcesBuildPhase section */
		2D02635113539B9E00F5CCAA /* Resources */ = {
			isa = PBXResourcesBuildPhase;
			buildActionMask = 2147483647;
			files = (
				2D02636213539B9E00F5CCAA /* InfoPlist.strings in Resources */,
				2D02636B13539B9E00F5CCAA /* MainWindow.xib in Resources */,
				2D02637113539B9E00F5CCAA /* LiveHubRemoteViewController.xib in Resources */,
				2D3AADE31354C14F00763E35 /* indent-bg.png in Resources */,
				2D3AADE71354D83000763E35 /* control-bar.png in Resources */,
				2D3AADEB1354EA2900763E35 /* ff.png in Resources */,
				2D3AADEC1354EA2900763E35 /* play.png in Resources */,
				2D3AADED1354EA2900763E35 /* rewind.png in Resources */,
				2D3AADEF1354F09E00763E35 /* play-h.png in Resources */,
				2D3AADF41354F5EF00763E35 /* ff-h.png in Resources */,
				2D3AADF51354F5EF00763E35 /* rewind-h.png in Resources */,
				2D7BDA1B1355148200FF690E /* control-bar.psd in Resources */,
				2D7BDA1C1355148200FF690E /* ff.psd in Resources */,
				2D7BDA1D1355148200FF690E /* play.psd in Resources */,
				2D7BDA1F135516C600FF690E /* Commands.plist in Resources */,
				2DCC0BC7135574970040A828 /* silence.wav in Resources */,
				2DCC0BCD135582D00040A828 /* icon.psd in Resources */,
				2DCC0BCF135582DB0040A828 /* icon.png in Resources */,
				2D995D831358DB75002448A8 /* Readme.md in Resources */,
				2D995D851358DB97002448A8 /* Settings.bundle in Resources */,
			);
			runOnlyForDeploymentPostprocessing = 0;
		};
/* End PBXResourcesBuildPhase section */

/* Begin PBXSourcesBuildPhase section */
		2D02634F13539B9E00F5CCAA /* Sources */ = {
			isa = PBXSourcesBuildPhase;
			buildActionMask = 2147483647;
			files = (
				2D02636513539B9E00F5CCAA /* main.m in Sources */,
				2D02636813539B9E00F5CCAA /* LiveHubRemoteAppDelegate.m in Sources */,
				2D02636E13539B9E00F5CCAA /* LiveHubRemoteViewController.m in Sources */,
				2D7BDA231355198400FF690E /* NetworkController.m in Sources */,
			);
			runOnlyForDeploymentPostprocessing = 0;
		};
/* End PBXSourcesBuildPhase section */

/* Begin PBXVariantGroup section */
		2D02636013539B9E00F5CCAA /* InfoPlist.strings */ = {
			isa = PBXVariantGroup;
			children = (
				2D02636113539B9E00F5CCAA /* en */,
			);
			name = InfoPlist.strings;
			sourceTree = "<group>";
		};
		2D02636913539B9E00F5CCAA /* MainWindow.xib */ = {
			isa = PBXVariantGroup;
			children = (
				2D02636A13539B9E00F5CCAA /* en */,
			);
			name = MainWindow.xib;
			sourceTree = "<group>";
		};
		2D02636F13539B9E00F5CCAA /* LiveHubRemoteViewController.xib */ = {
			isa = PBXVariantGroup;
			children = (
				2D02637013539B9E00F5CCAA /* en */,
			);
			name = LiveHubRemoteViewController.xib;
			sourceTree = "<group>";
		};
/* End PBXVariantGroup section */

/* Begin XCBuildConfiguration section */
		2D02637213539B9E00F5CCAA /* Debug */ = {
			isa = XCBuildConfiguration;
			buildSettings = {
				ARCHS = "$(ARCHS_STANDARD_32_BIT)";
				"CODE_SIGN_IDENTITY[sdk=iphoneos*]" = "iPhone Developer";
				GCC_C_LANGUAGE_STANDARD = gnu99;
				GCC_OPTIMIZATION_LEVEL = 0;
				GCC_PREPROCESSOR_DEFINITIONS = DEBUG;
				GCC_SYMBOLS_PRIVATE_EXTERN = NO;
				GCC_VERSION = com.apple.compilers.llvmgcc42;
				GCC_WARN_ABOUT_RETURN_TYPE = YES;
				GCC_WARN_UNUSED_VARIABLE = YES;
				IPHONEOS_DEPLOYMENT_TARGET = 4.3;
				"PROVISIONING_PROFILE[sdk=iphoneos*]" = "";
				SDKROOT = iphoneos;
			};
			name = Debug;
		};
		2D02637313539B9E00F5CCAA /* Release */ = {
			isa = XCBuildConfiguration;
			buildSettings = {
				ARCHS = "$(ARCHS_STANDARD_32_BIT)";
				"CODE_SIGN_IDENTITY[sdk=iphoneos*]" = "iPhone Developer";
				GCC_C_LANGUAGE_STANDARD = gnu99;
				GCC_VERSION = com.apple.compilers.llvmgcc42;
				GCC_WARN_ABOUT_RETURN_TYPE = YES;
				GCC_WARN_UNUSED_VARIABLE = YES;
				IPHONEOS_DEPLOYMENT_TARGET = 4.3;
				OTHER_CFLAGS = "-DNS_BLOCK_ASSERTIONS=1";
				SDKROOT = iphoneos;
			};
			name = Release;
		};
		2D02637513539B9E00F5CCAA /* Debug */ = {
			isa = XCBuildConfiguration;
			buildSettings = {
				ALWAYS_SEARCH_USER_PATHS = NO;
				COPY_PHASE_STRIP = NO;
				GCC_DYNAMIC_NO_PIC = NO;
				GCC_PRECOMPILE_PREFIX_HEADER = YES;
				GCC_PREFIX_HEADER = "LiveHubRemote/LiveHubRemote-Prefix.pch";
				INFOPLIST_FILE = "LiveHubRemote/LiveHubRemote-Info.plist";
				PRODUCT_NAME = "$(TARGET_NAME)";
				WRAPPER_EXTENSION = app;
			};
			name = Debug;
		};
		2D02637613539B9E00F5CCAA /* Release */ = {
			isa = XCBuildConfiguration;
			buildSettings = {
				ALWAYS_SEARCH_USER_PATHS = NO;
				COPY_PHASE_STRIP = YES;
				GCC_PRECOMPILE_PREFIX_HEADER = YES;
				GCC_PREFIX_HEADER = "LiveHubRemote/LiveHubRemote-Prefix.pch";
				INFOPLIST_FILE = "LiveHubRemote/LiveHubRemote-Info.plist";
				PRODUCT_NAME = "$(TARGET_NAME)";
				VALIDATE_PRODUCT = YES;
				WRAPPER_EXTENSION = app;
			};
			name = Release;
		};
/* End XCBuildConfiguration section */

/* Begin XCConfigurationList section */
		2D02634D13539B9D00F5CCAA /* Build configuration list for PBXProject "LiveHubRemote" */ = {
			isa = XCConfigurationList;
			buildConfigurations = (
				2D02637213539B9E00F5CCAA /* Debug */,
				2D02637313539B9E00F5CCAA /* Release */,
			);
			defaultConfigurationIsVisible = 0;
			defaultConfigurationName = Release;
		};
		2D02637413539B9E00F5CCAA /* Build configuration list for PBXNativeTarget "LiveHubRemote" */ = {
			isa = XCConfigurationList;
			buildConfigurations = (
				2D02637513539B9E00F5CCAA /* Debug */,
				2D02637613539B9E00F5CCAA /* Release */,
			);
			defaultConfigurationIsVisible = 0;
			defaultConfigurationName = Release;
		};
/* End XCConfigurationList section */
	};
	rootObject = 2D02634A13539B9D00F5CCAA /* Project object */;
}
